
Microsoft Visual Studio Solution File, Format Version 12.00
# Visual Studio Version 16
VisualStudioVersion = 16.0.31702.278
MinimumVisualStudioVersion = 10.0.40219.1
Project("{FAE04EC0-301F-11D3-BF4B-00C04F79EFBC}") = "dz4", "dz4\dz4.csproj", "{AF51FDAF-3823-4777-B0F0-7AEC72E64829}"
EndProject
Global
	GlobalSection(SolutionConfigurationPlatforms) = preSolution
		Debug|Any CPU = Debug|Any CPU
		Release|Any CPU = Release|Any CPU
	EndGlobalSection
	GlobalSection(ProjectConfigurationPlatforms) = postSolution
		{AF51FDAF-3823-4777-B0F0-7AEC72E64829}.Debug|Any CPU.ActiveCfg = Debug|Any CPU
		{AF51FDAF-3823-4777-B0F0-7AEC72E64829}.Debug|Any CPU.Build.0 = Debug|Any CPU
		{AF51FDAF-3823-4777-B0F0-7AEC72E64829}.Release|Any CPU.ActiveCfg = Release|Any CPU
		{AF51FDAF-3823-4777-B0F0-7AEC72E64829}.Release|Any CPU.Build.0 = Release|Any CPU
	EndGlobalSection
	GlobalSection(SolutionProperties) = preSolution
		HideSolutionNode = FALSE
	EndGlobalSection
	GlobalSection(ExtensibilityGlobals) = postSolution
		SolutionGuid = {5834F745-FA85-420C-98C4-82B315C7A507}
	EndGlobalSection
EndGlobal
